
Microsoft Visual Studio Solution File, Format Version 12.00
# Visual Studio Version 16
VisualStudioVersion = 16.0.31129.286
MinimumVisualStudioVersion = 10.0.40219.1
Project("{FAE04EC0-301F-11D3-BF4B-00C04F79EFBC}") = "Lab6_2", "Lab6_2\Lab6_2.csproj", "{6149AD84-D0F4-48B3-860C-44C08B8B33C0}"
EndProject
Global
	GlobalSection(SolutionConfigurationPlatforms) = preSolution
		Debug|Any CPU = Debug|Any CPU
		Release|Any CPU = Release|Any CPU
	EndGlobalSection
	GlobalSection(ProjectConfigurationPlatforms) = postSolution
		{6149AD84-D0F4-48B3-860C-44C08B8B33C0}.Debug|Any CPU.ActiveCfg = Debug|Any CPU
		{6149AD84-D0F4-48B3-860C-44C08B8B33C0}.Debug|Any CPU.Build.0 = Debug|Any CPU
		{6149AD84-D0F4-48B3-860C-44C08B8B33C0}.Release|Any CPU.ActiveCfg = Release|Any CPU
		{6149AD84-D0F4-48B3-860C-44C08B8B33C0}.Release|Any CPU.Build.0 = Release|Any CPU
	EndGlobalSection
	GlobalSection(SolutionProperties) = preSolution
		HideSolutionNode = FALSE
	EndGlobalSection
	GlobalSection(ExtensibilityGlobals) = postSolution
		SolutionGuid = {88708F20-4304-4DB5-AB79-4B62BCBC3293}
	EndGlobalSection
EndGlobal
